
Microsoft Visual Studio Solution File, Format Version 12.00
Project("{FAE04EC0-301F-11D3-BF4B-00C04F79EFBC}") = "OwMyAws", "OwMyAws.csproj", "{7E47B344-61D7-44D7-A087-4D23157230AE}"
EndProject
Global
	GlobalSection(SolutionConfigurationPlatforms) = preSolution
		Debug|Any CPU = Debug|Any CPU
		Release|Any CPU = Release|Any CPU
	EndGlobalSection
	GlobalSection(ProjectConfigurationPlatforms) = postSolution
		{7E47B344-61D7-44D7-A087-4D23157230AE}.Debug|Any CPU.ActiveCfg = Debug|Any CPU
		{7E47B344-61D7-44D7-A087-4D23157230AE}.Debug|Any CPU.Build.0 = Debug|Any CPU
		{7E47B344-61D7-44D7-A087-4D23157230AE}.Release|Any CPU.ActiveCfg = Release|Any CPU
		{7E47B344-61D7-44D7-A087-4D23157230AE}.Release|Any CPU.Build.0 = Release|Any CPU
	EndGlobalSection
EndGlobal
